// !$*UTF8*$!
{
	archiveVersion = 1;
	classes = {
	};
	objectVersion = 56;
	objects = {

/* Begin PBXBuildFile section */
		1F722D6A2B1C024E00FC35F1 /* AppDelegate.swift in Sources */ = {isa = PBXBuildFile; fileRef = 1F722D692B1C024E00FC35F1 /* AppDelegate.swift */; };
		1F722D6C2B1C024E00FC35F1 /* SceneDelegate.swift in Sources */ = {isa = PBXBuildFile; fileRef = 1F722D6B2B1C024E00FC35F1 /* SceneDelegate.swift */; };
		1F722D6F2B1C024E00FC35F1 /* LaunchScreen.storyboard in Resources */ = {isa = PBXBuildFile; fileRef = 1F722D6D2B1C024E00FC35F1 /* LaunchScreen.storyboard */; };
		1F722D722B1C024E00FC35F1 /* Main.storyboard in Resources */ = {isa = PBXBuildFile; fileRef = 1F722D702B1C024E00FC35F1 /* Main.storyboard */; };
		1F722D7B2B1C024E00FC35F1 /* AppDelegate.swift in Sources */ = {isa = PBXBuildFile; fileRef = 1F722D7A2B1C024E00FC35F1 /* AppDelegate.swift */; };
		1F722D7E2B1C024E00FC35F1 /* Main.storyboard in Resources */ = {isa = PBXBuildFile; fileRef = 1F722D7C2B1C024E00FC35F1 /* Main.storyboard */; };
		1F722D862B1C024E00FC35F1 /* BetterSEQTA+ Extension.appex in Embed Foundation Extensions */ = {isa = PBXBuildFile; fileRef = 1F722D852B1C024E00FC35F1 /* BetterSEQTA+ Extension.appex */; settings = {ATTRIBUTES = (RemoveHeadersOnCopy, ); }; };
		1F722D902B1C024E00FC35F1 /* BetterSEQTA+ Extension.appex in Embed Foundation Extensions */ = {isa = PBXBuildFile; fileRef = 1F722D8F2B1C024E00FC35F1 /* BetterSEQTA+ Extension.appex */; settings = {ATTRIBUTES = (RemoveHeadersOnCopy, ); }; };
		1F722D962B1C024E00FC35F1 /* Main.html in Resources */ = {isa = PBXBuildFile; fileRef = 1F722D592B1C024D00FC35F1 /* Main.html */; };
		1F722D972B1C024E00FC35F1 /* Main.html in Resources */ = {isa = PBXBuildFile; fileRef = 1F722D592B1C024D00FC35F1 /* Main.html */; };
		1F722D982B1C024E00FC35F1 /* Icon.png in Resources */ = {isa = PBXBuildFile; fileRef = 1F722D5B2B1C024D00FC35F1 /* Icon.png */; };
		1F722D992B1C024E00FC35F1 /* Icon.png in Resources */ = {isa = PBXBuildFile; fileRef = 1F722D5B2B1C024D00FC35F1 /* Icon.png */; };
		1F722D9A2B1C024E00FC35F1 /* Style.css in Resources */ = {isa = PBXBuildFile; fileRef = 1F722D5C2B1C024D00FC35F1 /* Style.css */; };
		1F722D9B2B1C024E00FC35F1 /* Style.css in Resources */ = {isa = PBXBuildFile; fileRef = 1F722D5C2B1C024D00FC35F1 /* Style.css */; };
		1F722D9C2B1C024E00FC35F1 /* Script.js in Resources */ = {isa = PBXBuildFile; fileRef = 1F722D5D2B1C024D00FC35F1 /* Script.js */; };
		1F722D9D2B1C024E00FC35F1 /* Script.js in Resources */ = {isa = PBXBuildFile; fileRef = 1F722D5D2B1C024D00FC35F1 /* Script.js */; };
		1F722D9E2B1C024E00FC35F1 /* ViewController.swift in Sources */ = {isa = PBXBuildFile; fileRef = 1F722D5E2B1C024D00FC35F1 /* ViewController.swift */; };
		1F722D9F2B1C024E00FC35F1 /* ViewController.swift in Sources */ = {isa = PBXBuildFile; fileRef = 1F722D5E2B1C024D00FC35F1 /* ViewController.swift */; };
		1F722DA02B1C024E00FC35F1 /* Assets.xcassets in Resources */ = {isa = PBXBuildFile; fileRef = 1F722D5F2B1C024E00FC35F1 /* Assets.xcassets */; };
		1F722DA12B1C024E00FC35F1 /* Assets.xcassets in Resources */ = {isa = PBXBuildFile; fileRef = 1F722D5F2B1C024E00FC35F1 /* Assets.xcassets */; };
		1F722DA22B1C024E00FC35F1 /* SafariWebExtensionHandler.swift in Sources */ = {isa = PBXBuildFile; fileRef = 1F722D612B1C024E00FC35F1 /* SafariWebExtensionHandler.swift */; };
		1F722DA32B1C024E00FC35F1 /* SafariWebExtensionHandler.swift in Sources */ = {isa = PBXBuildFile; fileRef = 1F722D612B1C024E00FC35F1 /* SafariWebExtensionHandler.swift */; };
		1F722DC42B1C024E00FC35F1 /* purify.min.js in Resources */ = {isa = PBXBuildFile; fileRef = 1F722DB52B1C024E00FC35F1 /* purify.min.js */; };
		1F722DC52B1C024E00FC35F1 /* interface in Resources */ = {isa = PBXBuildFile; fileRef = 1F722DB62B1C024E00FC35F1 /* interface */; };
		1F722DC62B1C024E00FC35F1 /* browser-polyfill.js in Resources */ = {isa = PBXBuildFile; fileRef = 1F722DB72B1C024E00FC35F1 /* browser-polyfill.js */; };
		1F722DC72B1C024E00FC35F1 /* background.js in Resources */ = {isa = PBXBuildFile; fileRef = 1F722DB82B1C024E00FC35F1 /* background.js */; };
		1F722DC82B1C024E00FC35F1 /* css in Resources */ = {isa = PBXBuildFile; fileRef = 1F722DB92B1C024E00FC35F1 /* css */; };
		1F722DC92B1C024E00FC35F1 /* resources in Resources */ = {isa = PBXBuildFile; fileRef = 1F722DBA2B1C024E00FC35F1 /* resources */; };
		1F722DCA2B1C024E00FC35F1 /* backgrounds in Resources */ = {isa = PBXBuildFile; fileRef = 1F722DBC2B1C024E00FC35F1 /* backgrounds */; };
		1F722DCB2B1C024E00FC35F1 /* icons in Resources */ = {isa = PBXBuildFile; fileRef = 1F722DBD2B1C024E00FC35F1 /* icons */; };
		1F722DCC2B1C024E00FC35F1 /* manifest.json in Resources */ = {isa = PBXBuildFile; fileRef = 1F722DBE2B1C024E00FC35F1 /* manifest.json */; };
		1F722DCD2B1C024E00FC35F1 /* SEQTA.js in Resources */ = {isa = PBXBuildFile; fileRef = 1F722DBF2B1C024E00FC35F1 /* SEQTA.js */; };
		1F722DCE2B1C024E00FC35F1 /* fonts in Resources */ = {isa = PBXBuildFile; fileRef = 1F722DC12B1C024E00FC35F1 /* fonts */; };
		1F722DCF2B1C024E00FC35F1 /* client in Resources */ = {isa = PBXBuildFile; fileRef = 1F722DC22B1C024E00FC35F1 /* client */; };
		1F722DD02B1C024E00FC35F1 /* src in Resources */ = {isa = PBXBuildFile; fileRef = 1F722DC32B1C024E00FC35F1 /* src */; };
		1F722DD12B1C024E00FC35F1 /* purify.min.js in Resources */ = {isa = PBXBuildFile; fileRef = 1F722DB52B1C024E00FC35F1 /* purify.min.js */; };
		1F722DD22B1C024E00FC35F1 /* interface in Resources */ = {isa = PBXBuildFile; fileRef = 1F722DB62B1C024E00FC35F1 /* interface */; };
		1F722DD32B1C024E00FC35F1 /* browser-polyfill.js in Resources */ = {isa = PBXBuildFile; fileRef = 1F722DB72B1C024E00FC35F1 /* browser-polyfill.js */; };
		1F722DD42B1C024E00FC35F1 /* background.js in Resources */ = {isa = PBXBuildFile; fileRef = 1F722DB82B1C024E00FC35F1 /* background.js */; };
		1F722DD52B1C024E00FC35F1 /* css in Resources */ = {isa = PBXBuildFile; fileRef = 1F722DB92B1C024E00FC35F1 /* css */; };
		1F722DD62B1C024E00FC35F1 /* resources in Resources */ = {isa = PBXBuildFile; fileRef = 1F722DBA2B1C024E00FC35F1 /* resources */; };
		1F722DD72B1C024E00FC35F1 /* backgrounds in Resources */ = {isa = PBXBuildFile; fileRef = 1F722DBC2B1C024E00FC35F1 /* backgrounds */; };
		1F722DD82B1C024E00FC35F1 /* icons in Resources */ = {isa = PBXBuildFile; fileRef = 1F722DBD2B1C024E00FC35F1 /* icons */; };
		1F722DD92B1C024E00FC35F1 /* manifest.json in Resources */ = {isa = PBXBuildFile; fileRef = 1F722DBE2B1C024E00FC35F1 /* manifest.json */; };
		1F722DDA2B1C024E00FC35F1 /* SEQTA.js in Resources */ = {isa = PBXBuildFile; fileRef = 1F722DBF2B1C024E00FC35F1 /* SEQTA.js */; };
		1F722DDB2B1C024E00FC35F1 /* fonts in Resources */ = {isa = PBXBuildFile; fileRef = 1F722DC12B1C024E00FC35F1 /* fonts */; };
		1F722DDC2B1C024E00FC35F1 /* client in Resources */ = {isa = PBXBuildFile; fileRef = 1F722DC22B1C024E00FC35F1 /* client */; };
		1F722DDD2B1C024E00FC35F1 /* src in Resources */ = {isa = PBXBuildFile; fileRef = 1F722DC32B1C024E00FC35F1 /* src */; };
/* End PBXBuildFile section */

/* Begin PBXContainerItemProxy section */
		1F722D872B1C024E00FC35F1 /* PBXContainerItemProxy */ = {
			isa = PBXContainerItemProxy;
			containerPortal = 1F722D532B1C024C00FC35F1 /* Project object */;
			proxyType = 1;
			remoteGlobalIDString = 1F722D842B1C024E00FC35F1;
			remoteInfo = "BetterSEQTA+ Extension (iOS)";
		};
		1F722D912B1C024E00FC35F1 /* PBXContainerItemProxy */ = {
			isa = PBXContainerItemProxy;
			containerPortal = 1F722D532B1C024C00FC35F1 /* Project object */;
			proxyType = 1;
			remoteGlobalIDString = 1F722D8E2B1C024E00FC35F1;
			remoteInfo = "BetterSEQTA+ Extension (macOS)";
		};
/* End PBXContainerItemProxy section */

/* Begin PBXCopyFilesBuildPhase section */
		1F722DA92B1C024E00FC35F1 /* Embed Foundation Extensions */ = {
			isa = PBXCopyFilesBuildPhase;
			buildActionMask = 2147483647;
			dstPath = "";
			dstSubfolderSpec = 13;
			files = (
				1F722D862B1C024E00FC35F1 /* BetterSEQTA+ Extension.appex in Embed Foundation Extensions */,
			);
			name = "Embed Foundation Extensions";
			runOnlyForDeploymentPostprocessing = 0;
		};
		1F722DB02B1C024E00FC35F1 /* Embed Foundation Extensions */ = {
			isa = PBXCopyFilesBuildPhase;
			buildActionMask = 2147483647;
			dstPath = "";
			dstSubfolderSpec = 13;
			files = (
				1F722D902B1C024E00FC35F1 /* BetterSEQTA+ Extension.appex in Embed Foundation Extensions */,
			);
			name = "Embed Foundation Extensions";
			runOnlyForDeploymentPostprocessing = 0;
		};
/* End PBXCopyFilesBuildPhase section */

/* Begin PBXFileReference section */
		1F722D5A2B1C024D00FC35F1 /* Base */ = {isa = PBXFileReference; lastKnownFileType = text.html; name = Base; path = ../Base.lproj/Main.html; sourceTree = "<group>"; };
		1F722D5B2B1C024D00FC35F1 /* Icon.png */ = {isa = PBXFileReference; lastKnownFileType = image.png; path = Icon.png; sourceTree = "<group>"; };
		1F722D5C2B1C024D00FC35F1 /* Style.css */ = {isa = PBXFileReference; lastKnownFileType = text.css; path = Style.css; sourceTree = "<group>"; };
		1F722D5D2B1C024D00FC35F1 /* Script.js */ = {isa = PBXFileReference; lastKnownFileType = sourcecode.javascript; path = Script.js; sourceTree = "<group>"; };
		1F722D5E2B1C024D00FC35F1 /* ViewController.swift */ = {isa = PBXFileReference; lastKnownFileType = sourcecode.swift; path = ViewController.swift; sourceTree = "<group>"; };
		1F722D5F2B1C024E00FC35F1 /* Assets.xcassets */ = {isa = PBXFileReference; lastKnownFileType = folder.assetcatalog; path = Assets.xcassets; sourceTree = "<group>"; };
		1F722D612B1C024E00FC35F1 /* SafariWebExtensionHandler.swift */ = {isa = PBXFileReference; lastKnownFileType = sourcecode.swift; path = SafariWebExtensionHandler.swift; sourceTree = "<group>"; };
		1F722D662B1C024E00FC35F1 /* BetterSEQTA+.app */ = {isa = PBXFileReference; explicitFileType = wrapper.application; includeInIndex = 0; path = "BetterSEQTA+.app"; sourceTree = BUILT_PRODUCTS_DIR; };
		1F722D692B1C024E00FC35F1 /* AppDelegate.swift */ = {isa = PBXFileReference; lastKnownFileType = sourcecode.swift; path = AppDelegate.swift; sourceTree = "<group>"; };
		1F722D6B2B1C024E00FC35F1 /* SceneDelegate.swift */ = {isa = PBXFileReference; lastKnownFileType = sourcecode.swift; path = SceneDelegate.swift; sourceTree = "<group>"; };
		1F722D6E2B1C024E00FC35F1 /* Base */ = {isa = PBXFileReference; lastKnownFileType = file.storyboard; name = Base; path = Base.lproj/LaunchScreen.storyboard; sourceTree = "<group>"; };
		1F722D712B1C024E00FC35F1 /* Base */ = {isa = PBXFileReference; lastKnownFileType = file.storyboard; name = Base; path = Base.lproj/Main.storyboard; sourceTree = "<group>"; };
		1F722D732B1C024E00FC35F1 /* Info.plist */ = {isa = PBXFileReference; lastKnownFileType = text.plist.xml; path = Info.plist; sourceTree = "<group>"; };
		1F722D782B1C024E00FC35F1 /* BetterSEQTA+.app */ = {isa = PBXFileReference; explicitFileType = wrapper.application; includeInIndex = 0; path = "BetterSEQTA+.app"; sourceTree = BUILT_PRODUCTS_DIR; };
		1F722D7A2B1C024E00FC35F1 /* AppDelegate.swift */ = {isa = PBXFileReference; lastKnownFileType = sourcecode.swift; path = AppDelegate.swift; sourceTree = "<group>"; };
		1F722D7D2B1C024E00FC35F1 /* Base */ = {isa = PBXFileReference; lastKnownFileType = file.storyboard; name = Base; path = Base.lproj/Main.storyboard; sourceTree = "<group>"; };
		1F722D7F2B1C024E00FC35F1 /* Info.plist */ = {isa = PBXFileReference; lastKnownFileType = text.plist.xml; path = Info.plist; sourceTree = "<group>"; };
		1F722D802B1C024E00FC35F1 /* BetterSEQTA+.entitlements */ = {isa = PBXFileReference; lastKnownFileType = text.plist.entitlements; path = "BetterSEQTA+.entitlements"; sourceTree = "<group>"; };
		1F722D852B1C024E00FC35F1 /* BetterSEQTA+ Extension.appex */ = {isa = PBXFileReference; explicitFileType = "wrapper.app-extension"; includeInIndex = 0; path = "BetterSEQTA+ Extension.appex"; sourceTree = BUILT_PRODUCTS_DIR; };
		1F722D8A2B1C024E00FC35F1 /* Info.plist */ = {isa = PBXFileReference; lastKnownFileType = text.plist.xml; path = Info.plist; sourceTree = "<group>"; };
		1F722D8F2B1C024E00FC35F1 /* BetterSEQTA+ Extension.appex */ = {isa = PBXFileReference; explicitFileType = "wrapper.app-extension"; includeInIndex = 0; path = "BetterSEQTA+ Extension.appex"; sourceTree = BUILT_PRODUCTS_DIR; };
		1F722D942B1C024E00FC35F1 /* Info.plist */ = {isa = PBXFileReference; lastKnownFileType = text.plist.xml; path = Info.plist; sourceTree = "<group>"; };
		1F722D952B1C024E00FC35F1 /* BetterSEQTA+.entitlements */ = {isa = PBXFileReference; lastKnownFileType = text.plist.entitlements; path = "BetterSEQTA+.entitlements"; sourceTree = "<group>"; };
		1F722DB52B1C024E00FC35F1 /* purify.min.js */ = {isa = PBXFileReference; lastKnownFileType = sourcecode.javascript; name = purify.min.js; path = ../../build/purify.min.js; sourceTree = "<group>"; };
		1F722DB62B1C024E00FC35F1 /* interface */ = {isa = PBXFileReference; lastKnownFileType = folder; name = interface; path = ../../build/interface; sourceTree = "<group>"; };
		1F722DB72B1C024E00FC35F1 /* browser-polyfill.js */ = {isa = PBXFileReference; lastKnownFileType = sourcecode.javascript; name = "browser-polyfill.js"; path = "../../build/browser-polyfill.js"; sourceTree = "<group>"; };
		1F722DB82B1C024E00FC35F1 /* background.js */ = {isa = PBXFileReference; lastKnownFileType = sourcecode.javascript; name = background.js; path = ../../build/background.js; sourceTree = "<group>"; };
		1F722DB92B1C024E00FC35F1 /* css */ = {isa = PBXFileReference; lastKnownFileType = folder; name = css; path = ../../build/css; sourceTree = "<group>"; };
		1F722DBA2B1C024E00FC35F1 /* resources */ = {isa = PBXFileReference; lastKnownFileType = folder; name = resources; path = ../../build/resources; sourceTree = "<group>"; };
		1F722DBB2B1C024E00FC35F1 /* SEQTA.js.map */ = {isa = PBXFileReference; lastKnownFileType = "sourcecode.module-map"; name = SEQTA.js.map; path = ../../build/SEQTA.js.map; sourceTree = "<group>"; };
		1F722DBC2B1C024E00FC35F1 /* backgrounds */ = {isa = PBXFileReference; lastKnownFileType = folder; name = backgrounds; path = ../../build/backgrounds; sourceTree = "<group>"; };
		1F722DBD2B1C024E00FC35F1 /* icons */ = {isa = PBXFileReference; lastKnownFileType = folder; name = icons; path = ../../build/icons; sourceTree = "<group>"; };
		1F722DBE2B1C024E00FC35F1 /* manifest.json */ = {isa = PBXFileReference; lastKnownFileType = text.json; name = manifest.json; path = ../../build/manifest.json; sourceTree = "<group>"; };
		1F722DBF2B1C024E00FC35F1 /* SEQTA.js */ = {isa = PBXFileReference; lastKnownFileType = sourcecode.javascript; name = SEQTA.js; path = ../../build/SEQTA.js; sourceTree = "<group>"; };
		1F722DC02B1C024E00FC35F1 /* background.js.map */ = {isa = PBXFileReference; lastKnownFileType = "sourcecode.module-map"; name = background.js.map; path = ../../build/background.js.map; sourceTree = "<group>"; };
		1F722DC12B1C024E00FC35F1 /* fonts */ = {isa = PBXFileReference; lastKnownFileType = folder; name = fonts; path = ../../build/fonts; sourceTree = "<group>"; };
		1F722DC22B1C024E00FC35F1 /* client */ = {isa = PBXFileReference; lastKnownFileType = folder; name = client; path = ../../build/client; sourceTree = "<group>"; };
		1F722DC32B1C024E00FC35F1 /* src */ = {isa = PBXFileReference; lastKnownFileType = folder; name = src; path = ../../build/src; sourceTree = "<group>"; };
/* End PBXFileReference section */

/* Begin PBXFrameworksBuildPhase section */
		1F722D632B1C024E00FC35F1 /* Frameworks */ = {
			isa = PBXFrameworksBuildPhase;
			buildActionMask = 2147483647;
			files = (
			);
			runOnlyForDeploymentPostprocessing = 0;
		};
		1F722D752B1C024E00FC35F1 /* Frameworks */ = {
			isa = PBXFrameworksBuildPhase;
			buildActionMask = 2147483647;
			files = (
			);
			runOnlyForDeploymentPostprocessing = 0;
		};
		1F722D822B1C024E00FC35F1 /* Frameworks */ = {
			isa = PBXFrameworksBuildPhase;
			buildActionMask = 2147483647;
			files = (
			);
			runOnlyForDeploymentPostprocessing = 0;
		};
		1F722D8C2B1C024E00FC35F1 /* Frameworks */ = {
			isa = PBXFrameworksBuildPhase;
			buildActionMask = 2147483647;
			files = (
			);
			runOnlyForDeploymentPostprocessing = 0;
		};
/* End PBXFrameworksBuildPhase section */

/* Begin PBXGroup section */
		1F722D522B1C024C00FC35F1 = {
			isa = PBXGroup;
			children = (
				1F722D572B1C024D00FC35F1 /* Shared (App) */,
				1F722D602B1C024E00FC35F1 /* Shared (Extension) */,
				1F722D682B1C024E00FC35F1 /* iOS (App) */,
				1F722D792B1C024E00FC35F1 /* macOS (App) */,
				1F722D892B1C024E00FC35F1 /* iOS (Extension) */,
				1F722D932B1C024E00FC35F1 /* macOS (Extension) */,
				1F722D672B1C024E00FC35F1 /* Products */,
			);
			sourceTree = "<group>";
		};
		1F722D572B1C024D00FC35F1 /* Shared (App) */ = {
			isa = PBXGroup;
			children = (
				1F722D5E2B1C024D00FC35F1 /* ViewController.swift */,
				1F722D5F2B1C024E00FC35F1 /* Assets.xcassets */,
				1F722D582B1C024D00FC35F1 /* Resources */,
			);
			path = "Shared (App)";
			sourceTree = "<group>";
		};
		1F722D582B1C024D00FC35F1 /* Resources */ = {
			isa = PBXGroup;
			children = (
				1F722D592B1C024D00FC35F1 /* Main.html */,
				1F722D5B2B1C024D00FC35F1 /* Icon.png */,
				1F722D5C2B1C024D00FC35F1 /* Style.css */,
				1F722D5D2B1C024D00FC35F1 /* Script.js */,
			);
			path = Resources;
			sourceTree = "<group>";
		};
		1F722D602B1C024E00FC35F1 /* Shared (Extension) */ = {
			isa = PBXGroup;
			children = (
				1F722DB42B1C024E00FC35F1 /* Resources */,
				1F722D612B1C024E00FC35F1 /* SafariWebExtensionHandler.swift */,
			);
			path = "Shared (Extension)";
			sourceTree = "<group>";
		};
		1F722D672B1C024E00FC35F1 /* Products */ = {
			isa = PBXGroup;
			children = (
				1F722D662B1C024E00FC35F1 /* BetterSEQTA+.app */,
				1F722D782B1C024E00FC35F1 /* BetterSEQTA+.app */,
				1F722D852B1C024E00FC35F1 /* BetterSEQTA+ Extension.appex */,
				1F722D8F2B1C024E00FC35F1 /* BetterSEQTA+ Extension.appex */,
			);
			name = Products;
			sourceTree = "<group>";
		};
		1F722D682B1C024E00FC35F1 /* iOS (App) */ = {
			isa = PBXGroup;
			children = (
				1F722D692B1C024E00FC35F1 /* AppDelegate.swift */,
				1F722D6B2B1C024E00FC35F1 /* SceneDelegate.swift */,
				1F722D6D2B1C024E00FC35F1 /* LaunchScreen.storyboard */,
				1F722D702B1C024E00FC35F1 /* Main.storyboard */,
				1F722D732B1C024E00FC35F1 /* Info.plist */,
			);
			path = "iOS (App)";
			sourceTree = "<group>";
		};
		1F722D792B1C024E00FC35F1 /* macOS (App) */ = {
			isa = PBXGroup;
			children = (
				1F722D7A2B1C024E00FC35F1 /* AppDelegate.swift */,
				1F722D7C2B1C024E00FC35F1 /* Main.storyboard */,
				1F722D7F2B1C024E00FC35F1 /* Info.plist */,
				1F722D802B1C024E00FC35F1 /* BetterSEQTA+.entitlements */,
			);
			path = "macOS (App)";
			sourceTree = "<group>";
		};
		1F722D892B1C024E00FC35F1 /* iOS (Extension) */ = {
			isa = PBXGroup;
			children = (
				1F722D8A2B1C024E00FC35F1 /* Info.plist */,
			);
			path = "iOS (Extension)";
			sourceTree = "<group>";
		};
		1F722D932B1C024E00FC35F1 /* macOS (Extension) */ = {
			isa = PBXGroup;
			children = (
				1F722D942B1C024E00FC35F1 /* Info.plist */,
				1F722D952B1C024E00FC35F1 /* BetterSEQTA+.entitlements */,
			);
			path = "macOS (Extension)";
			sourceTree = "<group>";
		};
		1F722DB42B1C024E00FC35F1 /* Resources */ = {
			isa = PBXGroup;
			children = (
				1F722DB52B1C024E00FC35F1 /* purify.min.js */,
				1F722DB62B1C024E00FC35F1 /* interface */,
				1F722DB72B1C024E00FC35F1 /* browser-polyfill.js */,
				1F722DB82B1C024E00FC35F1 /* background.js */,
				1F722DB92B1C024E00FC35F1 /* css */,
				1F722DBA2B1C024E00FC35F1 /* resources */,
				1F722DBB2B1C024E00FC35F1 /* SEQTA.js.map */,
				1F722DBC2B1C024E00FC35F1 /* backgrounds */,
				1F722DBD2B1C024E00FC35F1 /* icons */,
				1F722DBE2B1C024E00FC35F1 /* manifest.json */,
				1F722DBF2B1C024E00FC35F1 /* SEQTA.js */,
				1F722DC02B1C024E00FC35F1 /* background.js.map */,
				1F722DC12B1C024E00FC35F1 /* fonts */,
				1F722DC22B1C024E00FC35F1 /* client */,
				1F722DC32B1C024E00FC35F1 /* src */,
			);
			name = Resources;
			path = "Shared (Extension)";
			sourceTree = SOURCE_ROOT;
		};
/* End PBXGroup section */

/* Begin PBXNativeTarget section */
		1F722D652B1C024E00FC35F1 /* BetterSEQTA+ (iOS) */ = {
			isa = PBXNativeTarget;
			buildConfigurationList = 1F722DAA2B1C024E00FC35F1 /* Build configuration list for PBXNativeTarget "BetterSEQTA+ (iOS)" */;
			buildPhases = (
				1F722D622B1C024E00FC35F1 /* Sources */,
				1F722D632B1C024E00FC35F1 /* Frameworks */,
				1F722D642B1C024E00FC35F1 /* Resources */,
				1F722DA92B1C024E00FC35F1 /* Embed Foundation Extensions */,
			);
			buildRules = (
			);
			dependencies = (
				1F722D882B1C024E00FC35F1 /* PBXTargetDependency */,
			);
			name = "BetterSEQTA+ (iOS)";
			productName = "BetterSEQTA+ (iOS)";
			productReference = 1F722D662B1C024E00FC35F1 /* BetterSEQTA+.app */;
			productType = "com.apple.product-type.application";
		};
		1F722D772B1C024E00FC35F1 /* BetterSEQTA+ (macOS) */ = {
			isa = PBXNativeTarget;
			buildConfigurationList = 1F722DB12B1C024E00FC35F1 /* Build configuration list for PBXNativeTarget "BetterSEQTA+ (macOS)" */;
			buildPhases = (
				1F722D742B1C024E00FC35F1 /* Sources */,
				1F722D752B1C024E00FC35F1 /* Frameworks */,
				1F722D762B1C024E00FC35F1 /* Resources */,
				1F722DB02B1C024E00FC35F1 /* Embed Foundation Extensions */,
			);
			buildRules = (
			);
			dependencies = (
				1F722D922B1C024E00FC35F1 /* PBXTargetDependency */,
			);
			name = "BetterSEQTA+ (macOS)";
			productName = "BetterSEQTA+ (macOS)";
			productReference = 1F722D782B1C024E00FC35F1 /* BetterSEQTA+.app */;
			productType = "com.apple.product-type.application";
		};
		1F722D842B1C024E00FC35F1 /* BetterSEQTA+ Extension (iOS) */ = {
			isa = PBXNativeTarget;
			buildConfigurationList = 1F722DA62B1C024E00FC35F1 /* Build configuration list for PBXNativeTarget "BetterSEQTA+ Extension (iOS)" */;
			buildPhases = (
				1F722D812B1C024E00FC35F1 /* Sources */,
				1F722D822B1C024E00FC35F1 /* Frameworks */,
				1F722D832B1C024E00FC35F1 /* Resources */,
			);
			buildRules = (
			);
			dependencies = (
			);
			name = "BetterSEQTA+ Extension (iOS)";
			productName = "BetterSEQTA+ Extension (iOS)";
			productReference = 1F722D852B1C024E00FC35F1 /* BetterSEQTA+ Extension.appex */;
			productType = "com.apple.product-type.app-extension";
		};
		1F722D8E2B1C024E00FC35F1 /* BetterSEQTA+ Extension (macOS) */ = {
			isa = PBXNativeTarget;
			buildConfigurationList = 1F722DAD2B1C024E00FC35F1 /* Build configuration list for PBXNativeTarget "BetterSEQTA+ Extension (macOS)" */;
			buildPhases = (
				1F722D8B2B1C024E00FC35F1 /* Sources */,
				1F722D8C2B1C024E00FC35F1 /* Frameworks */,
				1F722D8D2B1C024E00FC35F1 /* Resources */,
			);
			buildRules = (
			);
			dependencies = (
			);
			name = "BetterSEQTA+ Extension (macOS)";
			productName = "BetterSEQTA+ Extension (macOS)";
			productReference = 1F722D8F2B1C024E00FC35F1 /* BetterSEQTA+ Extension.appex */;
			productType = "com.apple.product-type.app-extension";
		};
/* End PBXNativeTarget section */

/* Begin PBXProject section */
		1F722D532B1C024C00FC35F1 /* Project object */ = {
			isa = PBXProject;
			attributes = {
				BuildIndependentTargetsInParallel = 1;
				LastSwiftUpdateCheck = 1500;
				LastUpgradeCheck = 1500;
				TargetAttributes = {
					1F722D652B1C024E00FC35F1 = {
						CreatedOnToolsVersion = 15.0;
					};
					1F722D772B1C024E00FC35F1 = {
						CreatedOnToolsVersion = 15.0;
					};
					1F722D842B1C024E00FC35F1 = {
						CreatedOnToolsVersion = 15.0;
					};
					1F722D8E2B1C024E00FC35F1 = {
						CreatedOnToolsVersion = 15.0;
					};
				};
			};
			buildConfigurationList = 1F722D562B1C024C00FC35F1 /* Build configuration list for PBXProject "BetterSEQTA+" */;
			compatibilityVersion = "Xcode 14.0";
			developmentRegion = en;
			hasScannedForEncodings = 0;
			knownRegions = (
				en,
				Base,
			);
			mainGroup = 1F722D522B1C024C00FC35F1;
			productRefGroup = 1F722D672B1C024E00FC35F1 /* Products */;
			projectDirPath = "";
			projectRoot = "";
			targets = (
				1F722D652B1C024E00FC35F1 /* BetterSEQTA+ (iOS) */,
				1F722D772B1C024E00FC35F1 /* BetterSEQTA+ (macOS) */,
				1F722D842B1C024E00FC35F1 /* BetterSEQTA+ Extension (iOS) */,
				1F722D8E2B1C024E00FC35F1 /* BetterSEQTA+ Extension (macOS) */,
			);
		};
/* End PBXProject section */

/* Begin PBXResourcesBuildPhase section */
		1F722D642B1C024E00FC35F1 /* Resources */ = {
			isa = PBXResourcesBuildPhase;
			buildActionMask = 2147483647;
			files = (
				1F722D982B1C024E00FC35F1 /* Icon.png in Resources */,
				1F722D6F2B1C024E00FC35F1 /* LaunchScreen.storyboard in Resources */,
				1F722D962B1C024E00FC35F1 /* Main.html in Resources */,
				1F722D9C2B1C024E00FC35F1 /* Script.js in Resources */,
				1F722DA02B1C024E00FC35F1 /* Assets.xcassets in Resources */,
				1F722D722B1C024E00FC35F1 /* Main.storyboard in Resources */,
				1F722D9A2B1C024E00FC35F1 /* Style.css in Resources */,
			);
			runOnlyForDeploymentPostprocessing = 0;
		};
		1F722D762B1C024E00FC35F1 /* Resources */ = {
			isa = PBXResourcesBuildPhase;
			buildActionMask = 2147483647;
			files = (
				1F722D992B1C024E00FC35F1 /* Icon.png in Resources */,
				1F722D9B2B1C024E00FC35F1 /* Style.css in Resources */,
				1F722D7E2B1C024E00FC35F1 /* Main.storyboard in Resources */,
				1F722D9D2B1C024E00FC35F1 /* Script.js in Resources */,
				1F722DA12B1C024E00FC35F1 /* Assets.xcassets in Resources */,
				1F722D972B1C024E00FC35F1 /* Main.html in Resources */,
			);
			runOnlyForDeploymentPostprocessing = 0;
		};
		1F722D832B1C024E00FC35F1 /* Resources */ = {
			isa = PBXResourcesBuildPhase;
			buildActionMask = 2147483647;
			files = (
				1F722DDB2B1C024E00FC35F1 /* fonts in Resources */,
				1F722DDC2B1C024E00FC35F1 /* client in Resources */,
				1F722DD52B1C024E00FC35F1 /* css in Resources */,
				1F722DDD2B1C024E00FC35F1 /* src in Resources */,
				1F722DDA2B1C024E00FC35F1 /* SEQTA.js in Resources */,
				1F722DD82B1C024E00FC35F1 /* icons in Resources */,
				1F722DD42B1C024E00FC35F1 /* background.js in Resources */,
				1F722DD22B1C024E00FC35F1 /* interface in Resources */,
				1F722DD92B1C024E00FC35F1 /* manifest.json in Resources */,
				1F722DD32B1C024E00FC35F1 /* browser-polyfill.js in Resources */,
				1F722DD62B1C024E00FC35F1 /* resources in Resources */,
				1F722DD72B1C024E00FC35F1 /* backgrounds in Resources */,
				1F722DD12B1C024E00FC35F1 /* purify.min.js in Resources */,
			);
			runOnlyForDeploymentPostprocessing = 0;
		};
		1F722D8D2B1C024E00FC35F1 /* Resources */ = {
			isa = PBXResourcesBuildPhase;
			buildActionMask = 2147483647;
			files = (
				1F722DCE2B1C024E00FC35F1 /* fonts in Resources */,
				1F722DCF2B1C024E00FC35F1 /* client in Resources */,
				1F722DC82B1C024E00FC35F1 /* css in Resources */,
				1F722DD02B1C024E00FC35F1 /* src in Resources */,
				1F722DCD2B1C024E00FC35F1 /* SEQTA.js in Resources */,
				1F722DCB2B1C024E00FC35F1 /* icons in Resources */,
				1F722DC72B1C024E00FC35F1 /* background.js in Resources */,
				1F722DC52B1C024E00FC35F1 /* interface in Resources */,
				1F722DCC2B1C024E00FC35F1 /* manifest.json in Resources */,
				1F722DC62B1C024E00FC35F1 /* browser-polyfill.js in Resources */,
				1F722DC92B1C024E00FC35F1 /* resources in Resources */,
				1F722DCA2B1C024E00FC35F1 /* backgrounds in Resources */,
				1F722DC42B1C024E00FC35F1 /* purify.min.js in Resources */,
			);
			runOnlyForDeploymentPostprocessing = 0;
		};
/* End PBXResourcesBuildPhase section */

/* Begin PBXSourcesBuildPhase section */
		1F722D622B1C024E00FC35F1 /* Sources */ = {
			isa = PBXSourcesBuildPhase;
			buildActionMask = 2147483647;
			files = (
				1F722D9E2B1C024E00FC35F1 /* ViewController.swift in Sources */,
				1F722D6A2B1C024E00FC35F1 /* AppDelegate.swift in Sources */,
				1F722D6C2B1C024E00FC35F1 /* SceneDelegate.swift in Sources */,
			);
			runOnlyForDeploymentPostprocessing = 0;
		};
		1F722D742B1C024E00FC35F1 /* Sources */ = {
			isa = PBXSourcesBuildPhase;
			buildActionMask = 2147483647;
			files = (
				1F722D9F2B1C024E00FC35F1 /* ViewController.swift in Sources */,
				1F722D7B2B1C024E00FC35F1 /* AppDelegate.swift in Sources */,
			);
			runOnlyForDeploymentPostprocessing = 0;
		};
		1F722D812B1C024E00FC35F1 /* Sources */ = {
			isa = PBXSourcesBuildPhase;
			buildActionMask = 2147483647;
			files = (
				1F722DA22B1C024E00FC35F1 /* SafariWebExtensionHandler.swift in Sources */,
			);
			runOnlyForDeploymentPostprocessing = 0;
		};
		1F722D8B2B1C024E00FC35F1 /* Sources */ = {
			isa = PBXSourcesBuildPhase;
			buildActionMask = 2147483647;
			files = (
				1F722DA32B1C024E00FC35F1 /* SafariWebExtensionHandler.swift in Sources */,
			);
			runOnlyForDeploymentPostprocessing = 0;
		};
/* End PBXSourcesBuildPhase section */

/* Begin PBXTargetDependency section */
		1F722D882B1C024E00FC35F1 /* PBXTargetDependency */ = {
			isa = PBXTargetDependency;
			target = 1F722D842B1C024E00FC35F1 /* BetterSEQTA+ Extension (iOS) */;
			targetProxy = 1F722D872B1C024E00FC35F1 /* PBXContainerItemProxy */;
		};
		1F722D922B1C024E00FC35F1 /* PBXTargetDependency */ = {
			isa = PBXTargetDependency;
			target = 1F722D8E2B1C024E00FC35F1 /* BetterSEQTA+ Extension (macOS) */;
			targetProxy = 1F722D912B1C024E00FC35F1 /* PBXContainerItemProxy */;
		};
/* End PBXTargetDependency section */

/* Begin PBXVariantGroup section */
		1F722D592B1C024D00FC35F1 /* Main.html */ = {
			isa = PBXVariantGroup;
			children = (
				1F722D5A2B1C024D00FC35F1 /* Base */,
			);
			name = Main.html;
			sourceTree = "<group>";
		};
		1F722D6D2B1C024E00FC35F1 /* LaunchScreen.storyboard */ = {
			isa = PBXVariantGroup;
			children = (
				1F722D6E2B1C024E00FC35F1 /* Base */,
			);
			name = LaunchScreen.storyboard;
			sourceTree = "<group>";
		};
		1F722D702B1C024E00FC35F1 /* Main.storyboard */ = {
			isa = PBXVariantGroup;
			children = (
				1F722D712B1C024E00FC35F1 /* Base */,
			);
			name = Main.storyboard;
			sourceTree = "<group>";
		};
		1F722D7C2B1C024E00FC35F1 /* Main.storyboard */ = {
			isa = PBXVariantGroup;
			children = (
				1F722D7D2B1C024E00FC35F1 /* Base */,
			);
			name = Main.storyboard;
			sourceTree = "<group>";
		};
/* End PBXVariantGroup section */

/* Begin XCBuildConfiguration section */
		1F722DA42B1C024E00FC35F1 /* Debug */ = {
			isa = XCBuildConfiguration;
			buildSettings = {
				ALWAYS_SEARCH_USER_PATHS = NO;
				ASSETCATALOG_COMPILER_GENERATE_SWIFT_ASSET_SYMBOL_EXTENSIONS = YES;
				CLANG_ANALYZER_NONNULL = YES;
				CLANG_ANALYZER_NUMBER_OBJECT_CONVERSION = YES_AGGRESSIVE;
				CLANG_CXX_LANGUAGE_STANDARD = "gnu++20";
				CLANG_ENABLE_MODULES = YES;
				CLANG_ENABLE_OBJC_ARC = YES;
				CLANG_ENABLE_OBJC_WEAK = YES;
				CLANG_WARN_BLOCK_CAPTURE_AUTORELEASING = YES;
				CLANG_WARN_BOOL_CONVERSION = YES;
				CLANG_WARN_COMMA = YES;
				CLANG_WARN_CONSTANT_CONVERSION = YES;
				CLANG_WARN_DEPRECATED_OBJC_IMPLEMENTATIONS = YES;
				CLANG_WARN_DIRECT_OBJC_ISA_USAGE = YES_ERROR;
				CLANG_WARN_DOCUMENTATION_COMMENTS = YES;
				CLANG_WARN_EMPTY_BODY = YES;
				CLANG_WARN_ENUM_CONVERSION = YES;
				CLANG_WARN_INFINITE_RECURSION = YES;
				CLANG_WARN_INT_CONVERSION = YES;
				CLANG_WARN_NON_LITERAL_NULL_CONVERSION = YES;
				CLANG_WARN_OBJC_IMPLICIT_RETAIN_SELF = YES;
				CLANG_WARN_OBJC_LITERAL_CONVERSION = YES;
				CLANG_WARN_OBJC_ROOT_CLASS = YES_ERROR;
				CLANG_WARN_QUOTED_INCLUDE_IN_FRAMEWORK_HEADER = YES;
				CLANG_WARN_RANGE_LOOP_ANALYSIS = YES;
				CLANG_WARN_STRICT_PROTOTYPES = YES;
				CLANG_WARN_SUSPICIOUS_MOVE = YES;
				CLANG_WARN_UNGUARDED_AVAILABILITY = YES_AGGRESSIVE;
				CLANG_WARN_UNREACHABLE_CODE = YES;
				CLANG_WARN__DUPLICATE_METHOD_MATCH = YES;
				COPY_PHASE_STRIP = NO;
				DEBUG_INFORMATION_FORMAT = dwarf;
				ENABLE_STRICT_OBJC_MSGSEND = YES;
				ENABLE_TESTABILITY = YES;
				ENABLE_USER_SCRIPT_SANDBOXING = YES;
				GCC_C_LANGUAGE_STANDARD = gnu17;
				GCC_DYNAMIC_NO_PIC = NO;
				GCC_NO_COMMON_BLOCKS = YES;
				GCC_OPTIMIZATION_LEVEL = 0;
				GCC_PREPROCESSOR_DEFINITIONS = (
					"DEBUG=1",
					"$(inherited)",
				);
				GCC_WARN_64_TO_32_BIT_CONVERSION = YES;
				GCC_WARN_ABOUT_RETURN_TYPE = YES_ERROR;
				GCC_WARN_UNDECLARED_SELECTOR = YES;
				GCC_WARN_UNINITIALIZED_AUTOS = YES_AGGRESSIVE;
				GCC_WARN_UNUSED_FUNCTION = YES;
				GCC_WARN_UNUSED_VARIABLE = YES;
				LOCALIZATION_PREFERS_STRING_CATALOGS = YES;
				MTL_ENABLE_DEBUG_INFO = INCLUDE_SOURCE;
				MTL_FAST_MATH = YES;
				ONLY_ACTIVE_ARCH = YES;
				SWIFT_ACTIVE_COMPILATION_CONDITIONS = "DEBUG $(inherited)";
				SWIFT_OPTIMIZATION_LEVEL = "-Onone";
			};
			name = Debug;
		};
		1F722DA52B1C024E00FC35F1 /* Release */ = {
			isa = XCBuildConfiguration;
			buildSettings = {
				ALWAYS_SEARCH_USER_PATHS = NO;
				ASSETCATALOG_COMPILER_GENERATE_SWIFT_ASSET_SYMBOL_EXTENSIONS = YES;
				CLANG_ANALYZER_NONNULL = YES;
				CLANG_ANALYZER_NUMBER_OBJECT_CONVERSION = YES_AGGRESSIVE;
				CLANG_CXX_LANGUAGE_STANDARD = "gnu++20";
				CLANG_ENABLE_MODULES = YES;
				CLANG_ENABLE_OBJC_ARC = YES;
				CLANG_ENABLE_OBJC_WEAK = YES;
				CLANG_WARN_BLOCK_CAPTURE_AUTORELEASING = YES;
				CLANG_WARN_BOOL_CONVERSION = YES;
				CLANG_WARN_COMMA = YES;
				CLANG_WARN_CONSTANT_CONVERSION = YES;
				CLANG_WARN_DEPRECATED_OBJC_IMPLEMENTATIONS = YES;
				CLANG_WARN_DIRECT_OBJC_ISA_USAGE = YES_ERROR;
				CLANG_WARN_DOCUMENTATION_COMMENTS = YES;
				CLANG_WARN_EMPTY_BODY = YES;
				CLANG_WARN_ENUM_CONVERSION = YES;
				CLANG_WARN_INFINITE_RECURSION = YES;
				CLANG_WARN_INT_CONVERSION = YES;
				CLANG_WARN_NON_LITERAL_NULL_CONVERSION = YES;
				CLANG_WARN_OBJC_IMPLICIT_RETAIN_SELF = YES;
				CLANG_WARN_OBJC_LITERAL_CONVERSION = YES;
				CLANG_WARN_OBJC_ROOT_CLASS = YES_ERROR;
				CLANG_WARN_QUOTED_INCLUDE_IN_FRAMEWORK_HEADER = YES;
				CLANG_WARN_RANGE_LOOP_ANALYSIS = YES;
				CLANG_WARN_STRICT_PROTOTYPES = YES;
				CLANG_WARN_SUSPICIOUS_MOVE = YES;
				CLANG_WARN_UNGUARDED_AVAILABILITY = YES_AGGRESSIVE;
				CLANG_WARN_UNREACHABLE_CODE = YES;
				CLANG_WARN__DUPLICATE_METHOD_MATCH = YES;
				COPY_PHASE_STRIP = NO;
				DEBUG_INFORMATION_FORMAT = "dwarf-with-dsym";
				ENABLE_NS_ASSERTIONS = NO;
				ENABLE_STRICT_OBJC_MSGSEND = YES;
				ENABLE_USER_SCRIPT_SANDBOXING = YES;
				GCC_C_LANGUAGE_STANDARD = gnu17;
				GCC_NO_COMMON_BLOCKS = YES;
				GCC_WARN_64_TO_32_BIT_CONVERSION = YES;
				GCC_WARN_ABOUT_RETURN_TYPE = YES_ERROR;
				GCC_WARN_UNDECLARED_SELECTOR = YES;
				GCC_WARN_UNINITIALIZED_AUTOS = YES_AGGRESSIVE;
				GCC_WARN_UNUSED_FUNCTION = YES;
				GCC_WARN_UNUSED_VARIABLE = YES;
				LOCALIZATION_PREFERS_STRING_CATALOGS = YES;
				MTL_ENABLE_DEBUG_INFO = NO;
				MTL_FAST_MATH = YES;
				SWIFT_COMPILATION_MODE = wholemodule;
			};
			name = Release;
		};
		1F722DA72B1C024E00FC35F1 /* Debug */ = {
			isa = XCBuildConfiguration;
			buildSettings = {
				CODE_SIGN_STYLE = Automatic;
				CURRENT_PROJECT_VERSION = 1;
				GENERATE_INFOPLIST_FILE = YES;
				INFOPLIST_FILE = "iOS (Extension)/Info.plist";
				INFOPLIST_KEY_CFBundleDisplayName = "BetterSEQTA+ Extension";
				INFOPLIST_KEY_NSHumanReadableCopyright = "";
				IPHONEOS_DEPLOYMENT_TARGET = 15.0;
				LD_RUNPATH_SEARCH_PATHS = (
					"$(inherited)",
					"@executable_path/Frameworks",
					"@executable_path/../../Frameworks",
				);
				MARKETING_VERSION = 1.0;
				OTHER_LDFLAGS = (
					"-framework",
					SafariServices,
				);
				PRODUCT_BUNDLE_IDENTIFIER = "com.yourCompany.BetterSEQTA-.Extension";
				PRODUCT_NAME = "BetterSEQTA+ Extension";
				SDKROOT = iphoneos;
				SKIP_INSTALL = YES;
				SWIFT_EMIT_LOC_STRINGS = YES;
				SWIFT_VERSION = 5.0;
				TARGETED_DEVICE_FAMILY = "1,2";
			};
			name = Debug;
		};
		1F722DA82B1C024E00FC35F1 /* Release */ = {
			isa = XCBuildConfiguration;
			buildSettings = {
				CODE_SIGN_STYLE = Automatic;
				CURRENT_PROJECT_VERSION = 1;
				GENERATE_INFOPLIST_FILE = YES;
				INFOPLIST_FILE = "iOS (Extension)/Info.plist";
				INFOPLIST_KEY_CFBundleDisplayName = "BetterSEQTA+ Extension";
				INFOPLIST_KEY_NSHumanReadableCopyright = "";
				IPHONEOS_DEPLOYMENT_TARGET = 15.0;
				LD_RUNPATH_SEARCH_PATHS = (
					"$(inherited)",
					"@executable_path/Frameworks",
					"@executable_path/../../Frameworks",
				);
				MARKETING_VERSION = 1.0;
				OTHER_LDFLAGS = (
					"-framework",
					SafariServices,
				);
				PRODUCT_BUNDLE_IDENTIFIER = "com.yourCompany.BetterSEQTA-.Extension";
				PRODUCT_NAME = "BetterSEQTA+ Extension";
				SDKROOT = iphoneos;
				SKIP_INSTALL = YES;
				SWIFT_EMIT_LOC_STRINGS = YES;
				SWIFT_VERSION = 5.0;
				TARGETED_DEVICE_FAMILY = "1,2";
				VALIDATE_PRODUCT = YES;
			};
			name = Release;
		};
		1F722DAB2B1C024E00FC35F1 /* Debug */ = {
			isa = XCBuildConfiguration;
			buildSettings = {
				ALWAYS_EMBED_SWIFT_STANDARD_LIBRARIES = YES;
				ASSETCATALOG_COMPILER_APPICON_NAME = AppIcon;
				ASSETCATALOG_COMPILER_GLOBAL_ACCENT_COLOR_NAME = AccentColor;
				CODE_SIGN_STYLE = Automatic;
				CURRENT_PROJECT_VERSION = 1;
				GENERATE_INFOPLIST_FILE = YES;
				INFOPLIST_FILE = "iOS (App)/Info.plist";
				INFOPLIST_KEY_CFBundleDisplayName = "BetterSEQTA+";
				INFOPLIST_KEY_UIApplicationSupportsIndirectInputEvents = YES;
				INFOPLIST_KEY_UILaunchStoryboardName = LaunchScreen;
				INFOPLIST_KEY_UIMainStoryboardFile = Main;
				INFOPLIST_KEY_UISupportedInterfaceOrientations = "UIInterfaceOrientationPortrait UIInterfaceOrientationLandscapeLeft UIInterfaceOrientationLandscapeRight";
				INFOPLIST_KEY_UISupportedInterfaceOrientations_iPad = "UIInterfaceOrientationPortrait UIInterfaceOrientationPortraitUpsideDown UIInterfaceOrientationLandscapeLeft UIInterfaceOrientationLandscapeRight";
				IPHONEOS_DEPLOYMENT_TARGET = 15.0;
				LD_RUNPATH_SEARCH_PATHS = (
					"$(inherited)",
					"@executable_path/Frameworks",
				);
				MARKETING_VERSION = 1.0;
				OTHER_LDFLAGS = (
					"-framework",
					SafariServices,
					"-framework",
					WebKit,
				);
				PRODUCT_BUNDLE_IDENTIFIER = "com.yourCompany.BetterSEQTA-";
				PRODUCT_NAME = "BetterSEQTA+";
				SDKROOT = iphoneos;
				SWIFT_EMIT_LOC_STRINGS = YES;
				SWIFT_VERSION = 5.0;
				TARGETED_DEVICE_FAMILY = "1,2";
			};
			name = Debug;
		};
		1F722DAC2B1C024E00FC35F1 /* Release */ = {
			isa = XCBuildConfiguration;
			buildSettings = {
				ALWAYS_EMBED_SWIFT_STANDARD_LIBRARIES = YES;
				ASSETCATALOG_COMPILER_APPICON_NAME = AppIcon;
				ASSETCATALOG_COMPILER_GLOBAL_ACCENT_COLOR_NAME = AccentColor;
				CODE_SIGN_STYLE = Automatic;
				CURRENT_PROJECT_VERSION = 1;
				GENERATE_INFOPLIST_FILE = YES;
				INFOPLIST_FILE = "iOS (App)/Info.plist";
				INFOPLIST_KEY_CFBundleDisplayName = "BetterSEQTA+";
				INFOPLIST_KEY_UIApplicationSupportsIndirectInputEvents = YES;
				INFOPLIST_KEY_UILaunchStoryboardName = LaunchScreen;
				INFOPLIST_KEY_UIMainStoryboardFile = Main;
				INFOPLIST_KEY_UISupportedInterfaceOrientations = "UIInterfaceOrientationPortrait UIInterfaceOrientationLandscapeLeft UIInterfaceOrientationLandscapeRight";
				INFOPLIST_KEY_UISupportedInterfaceOrientations_iPad = "UIInterfaceOrientationPortrait UIInterfaceOrientationPortraitUpsideDown UIInterfaceOrientationLandscapeLeft UIInterfaceOrientationLandscapeRight";
				IPHONEOS_DEPLOYMENT_TARGET = 15.0;
				LD_RUNPATH_SEARCH_PATHS = (
					"$(inherited)",
					"@executable_path/Frameworks",
				);
				MARKETING_VERSION = 1.0;
				OTHER_LDFLAGS = (
					"-framework",
					SafariServices,
					"-framework",
					WebKit,
				);
				PRODUCT_BUNDLE_IDENTIFIER = "com.yourCompany.BetterSEQTA-";
				PRODUCT_NAME = "BetterSEQTA+";
				SDKROOT = iphoneos;
				SWIFT_EMIT_LOC_STRINGS = YES;
				SWIFT_VERSION = 5.0;
				TARGETED_DEVICE_FAMILY = "1,2";
				VALIDATE_PRODUCT = YES;
			};
			name = Release;
		};
		1F722DAE2B1C024E00FC35F1 /* Debug */ = {
			isa = XCBuildConfiguration;
			buildSettings = {
				CODE_SIGN_ENTITLEMENTS = "macOS (Extension)/BetterSEQTA+.entitlements";
				CODE_SIGN_STYLE = Automatic;
				CURRENT_PROJECT_VERSION = 1;
				ENABLE_HARDENED_RUNTIME = YES;
				GENERATE_INFOPLIST_FILE = YES;
				INFOPLIST_FILE = "macOS (Extension)/Info.plist";
				INFOPLIST_KEY_CFBundleDisplayName = "BetterSEQTA+ Extension";
				INFOPLIST_KEY_NSHumanReadableCopyright = "";
				LD_RUNPATH_SEARCH_PATHS = (
					"$(inherited)",
					"@executable_path/../Frameworks",
					"@executable_path/../../../../Frameworks",
				);
				MACOSX_DEPLOYMENT_TARGET = 10.14;
				MARKETING_VERSION = 1.0;
				OTHER_LDFLAGS = (
					"-framework",
					SafariServices,
				);
				PRODUCT_BUNDLE_IDENTIFIER = "com.yourCompany.BetterSEQTA-.Extension";
				PRODUCT_NAME = "BetterSEQTA+ Extension";
				SDKROOT = macosx;
				SKIP_INSTALL = YES;
				SWIFT_EMIT_LOC_STRINGS = YES;
				SWIFT_VERSION = 5.0;
			};
			name = Debug;
		};
		1F722DAF2B1C024E00FC35F1 /* Release */ = {
			isa = XCBuildConfiguration;
			buildSettings = {
				CODE_SIGN_ENTITLEMENTS = "macOS (Extension)/BetterSEQTA+.entitlements";
				CODE_SIGN_STYLE = Automatic;
				CURRENT_PROJECT_VERSION = 1;
				ENABLE_HARDENED_RUNTIME = YES;
				GENERATE_INFOPLIST_FILE = YES;
				INFOPLIST_FILE = "macOS (Extension)/Info.plist";
				INFOPLIST_KEY_CFBundleDisplayName = "BetterSEQTA+ Extension";
				INFOPLIST_KEY_NSHumanReadableCopyright = "";
				LD_RUNPATH_SEARCH_PATHS = (
					"$(inherited)",
					"@executable_path/../Frameworks",
					"@executable_path/../../../../Frameworks",
				);
				MACOSX_DEPLOYMENT_TARGET = 10.14;
				MARKETING_VERSION = 1.0;
				OTHER_LDFLAGS = (
					"-framework",
					SafariServices,
				);
				PRODUCT_BUNDLE_IDENTIFIER = "com.yourCompany.BetterSEQTA-.Extension";
				PRODUCT_NAME = "BetterSEQTA+ Extension";
				SDKROOT = macosx;
				SKIP_INSTALL = YES;
				SWIFT_EMIT_LOC_STRINGS = YES;
				SWIFT_VERSION = 5.0;
			};
			name = Release;
		};
		1F722DB22B1C024E00FC35F1 /* Debug */ = {
			isa = XCBuildConfiguration;
			buildSettings = {
				ALWAYS_EMBED_SWIFT_STANDARD_LIBRARIES = YES;
				ASSETCATALOG_COMPILER_APPICON_NAME = AppIcon;
				ASSETCATALOG_COMPILER_GLOBAL_ACCENT_COLOR_NAME = AccentColor;
				CODE_SIGN_ENTITLEMENTS = "macOS (App)/BetterSEQTA+.entitlements";
				CODE_SIGN_STYLE = Automatic;
				CURRENT_PROJECT_VERSION = 1;
				ENABLE_HARDENED_RUNTIME = YES;
				GENERATE_INFOPLIST_FILE = YES;
				INFOPLIST_FILE = "macOS (App)/Info.plist";
				INFOPLIST_KEY_CFBundleDisplayName = "BetterSEQTA+";
				INFOPLIST_KEY_NSMainStoryboardFile = Main;
				INFOPLIST_KEY_NSPrincipalClass = NSApplication;
				LD_RUNPATH_SEARCH_PATHS = (
					"$(inherited)",
					"@executable_path/../Frameworks",
				);
				MACOSX_DEPLOYMENT_TARGET = 10.14;
				MARKETING_VERSION = 1.0;
				OTHER_LDFLAGS = (
					"-framework",
					SafariServices,
					"-framework",
					WebKit,
				);
				PRODUCT_BUNDLE_IDENTIFIER = "com.yourCompany.BetterSEQTA-";
				PRODUCT_NAME = "BetterSEQTA+";
				SDKROOT = macosx;
				SWIFT_EMIT_LOC_STRINGS = YES;
				SWIFT_VERSION = 5.0;
			};
			name = Debug;
		};
		1F722DB32B1C024E00FC35F1 /* Release */ = {
			isa = XCBuildConfiguration;
			buildSettings = {
				ALWAYS_EMBED_SWIFT_STANDARD_LIBRARIES = YES;
				ASSETCATALOG_COMPILER_APPICON_NAME = AppIcon;
				ASSETCATALOG_COMPILER_GLOBAL_ACCENT_COLOR_NAME = AccentColor;
				CODE_SIGN_ENTITLEMENTS = "macOS (App)/BetterSEQTA+.entitlements";
				CODE_SIGN_STYLE = Automatic;
				CURRENT_PROJECT_VERSION = 1;
				ENABLE_HARDENED_RUNTIME = YES;
				GENERATE_INFOPLIST_FILE = YES;
				INFOPLIST_FILE = "macOS (App)/Info.plist";
				INFOPLIST_KEY_CFBundleDisplayName = "BetterSEQTA+";
				INFOPLIST_KEY_NSMainStoryboardFile = Main;
				INFOPLIST_KEY_NSPrincipalClass = NSApplication;
				LD_RUNPATH_SEARCH_PATHS = (
					"$(inherited)",
					"@executable_path/../Frameworks",
				);
				MACOSX_DEPLOYMENT_TARGET = 10.14;
				MARKETING_VERSION = 1.0;
				OTHER_LDFLAGS = (
					"-framework",
					SafariServices,
					"-framework",
					WebKit,
				);
				PRODUCT_BUNDLE_IDENTIFIER = "com.yourCompany.BetterSEQTA-";
				PRODUCT_NAME = "BetterSEQTA+";
				SDKROOT = macosx;
				SWIFT_EMIT_LOC_STRINGS = YES;
				SWIFT_VERSION = 5.0;
			};
			name = Release;
		};
/* End XCBuildConfiguration section */

/* Begin XCConfigurationList section */
		1F722D562B1C024C00FC35F1 /* Build configuration list for PBXProject "BetterSEQTA+" */ = {
			isa = XCConfigurationList;
			buildConfigurations = (
				1F722DA42B1C024E00FC35F1 /* Debug */,
				1F722DA52B1C024E00FC35F1 /* Release */,
			);
			defaultConfigurationIsVisible = 0;
			defaultConfigurationName = Release;
		};
		1F722DA62B1C024E00FC35F1 /* Build configuration list for PBXNativeTarget "BetterSEQTA+ Extension (iOS)" */ = {
			isa = XCConfigurationList;
			buildConfigurations = (
				1F722DA72B1C024E00FC35F1 /* Debug */,
				1F722DA82B1C024E00FC35F1 /* Release */,
			);
			defaultConfigurationIsVisible = 0;
			defaultConfigurationName = Release;
		};
		1F722DAA2B1C024E00FC35F1 /* Build configuration list for PBXNativeTarget "BetterSEQTA+ (iOS)" */ = {
			isa = XCConfigurationList;
			buildConfigurations = (
				1F722DAB2B1C024E00FC35F1 /* Debug */,
				1F722DAC2B1C024E00FC35F1 /* Release */,
			);
			defaultConfigurationIsVisible = 0;
			defaultConfigurationName = Release;
		};
		1F722DAD2B1C024E00FC35F1 /* Build configuration list for PBXNativeTarget "BetterSEQTA+ Extension (macOS)" */ = {
			isa = XCConfigurationList;
			buildConfigurations = (
				1F722DAE2B1C024E00FC35F1 /* Debug */,
				1F722DAF2B1C024E00FC35F1 /* Release */,
			);
			defaultConfigurationIsVisible = 0;
			defaultConfigurationName = Release;
		};
		1F722DB12B1C024E00FC35F1 /* Build configuration list for PBXNativeTarget "BetterSEQTA+ (macOS)" */ = {
			isa = XCConfigurationList;
			buildConfigurations = (
				1F722DB22B1C024E00FC35F1 /* Debug */,
				1F722DB32B1C024E00FC35F1 /* Release */,
			);
			defaultConfigurationIsVisible = 0;
			defaultConfigurationName = Release;
		};
/* End XCConfigurationList section */
	};
	rootObject = 1F722D532B1C024C00FC35F1 /* Project object */;
}
